
Microsoft Visual Studio Solution File, Format Version 12.00
# Visual Studio 15
VisualStudioVersion = 15.0.26730.16
MinimumVisualStudioVersion = 10.0.40219.1
Project("{9A19103F-16F7-4668-BE54-9A1E7A4F7556}") = "EfCustomizeSampleApp", "EfCustomizeSampleApp\EfCustomizeSampleApp.csproj", "{429DD21C-BA5A-4FD8-A92E-6D120A1A8382}"
EndProject
Project("{2150E333-8FDC-42A3-9474-1A3956D46DE8}") = "SampleDDL", "SampleDDL", "{0096AB14-D961-4B21-9B0C-AEA3522D0EBB}"
	ProjectSection(SolutionItems) = preProject
		DDL\mail_destination.sql = DDL\mail_destination.sql
	EndProjectSection
EndProject
Global
	GlobalSection(SolutionConfigurationPlatforms) = preSolution
		Debug|Any CPU = Debug|Any CPU
		Release|Any CPU = Release|Any CPU
	EndGlobalSection
	GlobalSection(ProjectConfigurationPlatforms) = postSolution
		{429DD21C-BA5A-4FD8-A92E-6D120A1A8382}.Debug|Any CPU.ActiveCfg = Debug|Any CPU
		{429DD21C-BA5A-4FD8-A92E-6D120A1A8382}.Debug|Any CPU.Build.0 = Debug|Any CPU
		{429DD21C-BA5A-4FD8-A92E-6D120A1A8382}.Release|Any CPU.ActiveCfg = Release|Any CPU
		{429DD21C-BA5A-4FD8-A92E-6D120A1A8382}.Release|Any CPU.Build.0 = Release|Any CPU
	EndGlobalSection
	GlobalSection(SolutionProperties) = preSolution
		HideSolutionNode = FALSE
	EndGlobalSection
	GlobalSection(ExtensibilityGlobals) = postSolution
		SolutionGuid = {53193746-B0FF-4FF6-8F77-26D273C99BFC}
	EndGlobalSection
EndGlobal
